
Microsoft Visual Studio Solution File, Format Version 12.00
# Visual Studio Version 16
VisualStudioVersion = 16.0.32228.343
MinimumVisualStudioVersion = 10.0.40219.1
Project("{FAE04EC0-301F-11D3-BF4B-00C04F79EFBC}") = "Hotmail Change V1.0", "Hotmail Change V1.0\Hotmail Change V1.0.csproj", "{88A7851A-D013-4479-89AB-605691FCDB54}"
EndProject
Global
	GlobalSection(SolutionConfigurationPlatforms) = preSolution
		Debug|Any CPU = Debug|Any CPU
		Release|Any CPU = Release|Any CPU
	EndGlobalSection
	GlobalSection(ProjectConfigurationPlatforms) = postSolution
		{88A7851A-D013-4479-89AB-605691FCDB54}.Debug|Any CPU.ActiveCfg = Debug|Any CPU
		{88A7851A-D013-4479-89AB-605691FCDB54}.Debug|Any CPU.Build.0 = Debug|Any CPU
		{88A7851A-D013-4479-89AB-605691FCDB54}.Release|Any CPU.ActiveCfg = Release|Any CPU
		{88A7851A-D013-4479-89AB-605691FCDB54}.Release|Any CPU.Build.0 = Release|Any CPU
	EndGlobalSection
	GlobalSection(SolutionProperties) = preSolution
		HideSolutionNode = FALSE
	EndGlobalSection
	GlobalSection(ExtensibilityGlobals) = postSolution
		SolutionGuid = {146C692F-2937-422D-8E57-FDE0E8776371}
	EndGlobalSection
EndGlobal
